// !$*UTF8*$!
{
	archiveVersion = 1;
	classes = {
	};
	objectVersion = 46;
	objects = {

/* Begin PBXBuildFile section */
		CD740058161426E6000A43A0 /* UIKit.framework in Frameworks */ = {isa = PBXBuildFile; fileRef = CD740057161426E6000A43A0 /* UIKit.framework */; };
		CD74005A161426E6000A43A0 /* Foundation.framework in Frameworks */ = {isa = PBXBuildFile; fileRef = CD740059161426E6000A43A0 /* Foundation.framework */; };
		CD74005C161426E6000A43A0 /* CoreGraphics.framework in Frameworks */ = {isa = PBXBuildFile; fileRef = CD74005B161426E6000A43A0 /* CoreGraphics.framework */; };
		CD740062161426E6000A43A0 /* InfoPlist.strings in Resources */ = {isa = PBXBuildFile; fileRef = CD740060161426E6000A43A0 /* InfoPlist.strings */; };
		CD740064161426E6000A43A0 /* main.m in Sources */ = {isa = PBXBuildFile; fileRef = CD740063161426E6000A43A0 /* main.m */; };
		CD740068161426E6000A43A0 /* AppDelegate.m in Sources */ = {isa = PBXBuildFile; fileRef = CD740067161426E6000A43A0 /* AppDelegate.m */; };
		CD74006A161426E6000A43A0 /* Default.png in Resources */ = {isa = PBXBuildFile; fileRef = CD740069161426E6000A43A0 /* Default.png */; };
		CD74006C161426E6000A43A0 /* Default@2x.png in Resources */ = {isa = PBXBuildFile; fileRef = CD74006B161426E6000A43A0 /* Default@2x.png */; };
		CD74006E161426E6000A43A0 /* Default-568h@2x.png in Resources */ = {isa = PBXBuildFile; fileRef = CD74006D161426E6000A43A0 /* Default-568h@2x.png */; };
		CD740071161426E6000A43A0 /* MainStoryboard.storyboard in Resources */ = {isa = PBXBuildFile; fileRef = CD74006F161426E6000A43A0 /* MainStoryboard.storyboard */; };
		CD740074161426E6000A43A0 /* ViewController.m in Sources */ = {isa = PBXBuildFile; fileRef = CD740073161426E6000A43A0 /* ViewController.m */; };
		CD74007C161426E7000A43A0 /* SenTestingKit.framework in Frameworks */ = {isa = PBXBuildFile; fileRef = CD74007B161426E7000A43A0 /* SenTestingKit.framework */; };
		CD74007D161426E7000A43A0 /* UIKit.framework in Frameworks */ = {isa = PBXBuildFile; fileRef = CD740057161426E6000A43A0 /* UIKit.framework */; };
		CD74007E161426E7000A43A0 /* Foundation.framework in Frameworks */ = {isa = PBXBuildFile; fileRef = CD740059161426E6000A43A0 /* Foundation.framework */; };
		CD740086161426E7000A43A0 /* InfoPlist.strings in Resources */ = {isa = PBXBuildFile; fileRef = CD740084161426E7000A43A0 /* InfoPlist.strings */; };
		CD740089161426E7000A43A0 /* FBiOSStudyTests.m in Sources */ = {isa = PBXBuildFile; fileRef = CD740088161426E7000A43A0 /* FBiOSStudyTests.m */; };
		CD74009B1614271E000A43A0 /* Accounts.framework in Frameworks */ = {isa = PBXBuildFile; fileRef = CD74009A1614271E000A43A0 /* Accounts.framework */; };
		CD74009D16142729000A43A0 /* AdSupport.framework in Frameworks */ = {isa = PBXBuildFile; fileRef = CD74009C16142729000A43A0 /* AdSupport.framework */; };
		CD9BCB7F16143BA200B05FFE /* FacebookSDK.framework in Frameworks */ = {isa = PBXBuildFile; fileRef = CD9BCB7E16143BA200B05FFE /* FacebookSDK.framework */; };
		CD9BCB8916143D1500B05FFE /* FacebookSDKResources.bundle in Resources */ = {isa = PBXBuildFile; fileRef = CD9BCB8716143D1500B05FFE /* FacebookSDKResources.bundle */; };
		CD9BCB8A16143D1500B05FFE /* FBUserSettingsViewResources.bundle in Resources */ = {isa = PBXBuildFile; fileRef = CD9BCB8816143D1500B05FFE /* FBUserSettingsViewResources.bundle */; };
		CD9BCB9816144C2900B05FFE /* img.jpg in Resources */ = {isa = PBXBuildFile; fileRef = CD9BCB9716144C2900B05FFE /* img.jpg */; };
/* End PBXBuildFile section */

/* Begin PBXContainerItemProxy section */
		CD74007F161426E7000A43A0 /* PBXContainerItemProxy */ = {
			isa = PBXContainerItemProxy;
			containerPortal = CD74004A161426E6000A43A0 /* Project object */;
			proxyType = 1;
			remoteGlobalIDString = CD740052161426E6000A43A0;
			remoteInfo = FBiOSStudy;
		};
/* End PBXContainerItemProxy section */

/* Begin PBXFileReference section */
		CD740053161426E6000A43A0 /* FBiOSStudy.app */ = {isa = PBXFileReference; explicitFileType = wrapper.application; includeInIndex = 0; path = FBiOSStudy.app; sourceTree = BUILT_PRODUCTS_DIR; };
		CD740057161426E6000A43A0 /* UIKit.framework */ = {isa = PBXFileReference; lastKnownFileType = wrapper.framework; name = UIKit.framework; path = System/Library/Frameworks/UIKit.framework; sourceTree = SDKROOT; };
		CD740059161426E6000A43A0 /* Foundation.framework */ = {isa = PBXFileReference; lastKnownFileType = wrapper.framework; name = Foundation.framework; path = System/Library/Frameworks/Foundation.framework; sourceTree = SDKROOT; };
		CD74005B161426E6000A43A0 /* CoreGraphics.framework */ = {isa = PBXFileReference; lastKnownFileType = wrapper.framework; name = CoreGraphics.framework; path = System/Library/Frameworks/CoreGraphics.framework; sourceTree = SDKROOT; };
		CD74005F161426E6000A43A0 /* FBiOSStudy-Info.plist */ = {isa = PBXFileReference; lastKnownFileType = text.plist.xml; path = "FBiOSStudy-Info.plist"; sourceTree = "<group>"; };
		CD740061161426E6000A43A0 /* en */ = {isa = PBXFileReference; lastKnownFileType = text.plist.strings; name = en; path = en.lproj/InfoPlist.strings; sourceTree = "<group>"; };
		CD740063161426E6000A43A0 /* main.m */ = {isa = PBXFileReference; lastKnownFileType = sourcecode.c.objc; path = main.m; sourceTree = "<group>"; };
		CD740065161426E6000A43A0 /* FBiOSStudy-Prefix.pch */ = {isa = PBXFileReference; lastKnownFileType = sourcecode.c.h; path = "FBiOSStudy-Prefix.pch"; sourceTree = "<group>"; };
		CD740066161426E6000A43A0 /* AppDelegate.h */ = {isa = PBXFileReference; lastKnownFileType = sourcecode.c.h; path = AppDelegate.h; sourceTree = "<group>"; };
		CD740067161426E6000A43A0 /* AppDelegate.m */ = {isa = PBXFileReference; lastKnownFileType = sourcecode.c.objc; path = AppDelegate.m; sourceTree = "<group>"; };
		CD740069161426E6000A43A0 /* Default.png */ = {isa = PBXFileReference; lastKnownFileType = image.png; path = Default.png; sourceTree = "<group>"; };
		CD74006B161426E6000A43A0 /* Default@2x.png */ = {isa = PBXFileReference; lastKnownFileType = image.png; path = "Default@2x.png"; sourceTree = "<group>"; };
		CD74006D161426E6000A43A0 /* Default-568h@2x.png */ = {isa = PBXFileReference; lastKnownFileType = image.png; path = "Default-568h@2x.png"; sourceTree = "<group>"; };
		CD740070161426E6000A43A0 /* en */ = {isa = PBXFileReference; lastKnownFileType = file.storyboard; name = en; path = en.lproj/MainStoryboard.storyboard; sourceTree = "<group>"; };
		CD740072161426E6000A43A0 /* ViewController.h */ = {isa = PBXFileReference; lastKnownFileType = sourcecode.c.h; path = ViewController.h; sourceTree = "<group>"; };
		CD740073161426E6000A43A0 /* ViewController.m */ = {isa = PBXFileReference; lastKnownFileType = sourcecode.c.objc; path = ViewController.m; sourceTree = "<group>"; };
		CD74007A161426E7000A43A0 /* FBiOSStudyTests.octest */ = {isa = PBXFileReference; explicitFileType = wrapper.cfbundle; includeInIndex = 0; path = FBiOSStudyTests.octest; sourceTree = BUILT_PRODUCTS_DIR; };
		CD74007B161426E7000A43A0 /* SenTestingKit.framework */ = {isa = PBXFileReference; lastKnownFileType = wrapper.framework; name = SenTestingKit.framework; path = Library/Frameworks/SenTestingKit.framework; sourceTree = DEVELOPER_DIR; };
		CD740083161426E7000A43A0 /* FBiOSStudyTests-Info.plist */ = {isa = PBXFileReference; lastKnownFileType = text.plist.xml; path = "FBiOSStudyTests-Info.plist"; sourceTree = "<group>"; };
		CD740085161426E7000A43A0 /* en */ = {isa = PBXFileReference; lastKnownFileType = text.plist.strings; name = en; path = en.lproj/InfoPlist.strings; sourceTree = "<group>"; };
		CD740087161426E7000A43A0 /* FBiOSStudyTests.h */ = {isa = PBXFileReference; lastKnownFileType = sourcecode.c.h; path = FBiOSStudyTests.h; sourceTree = "<group>"; };
		CD740088161426E7000A43A0 /* FBiOSStudyTests.m */ = {isa = PBXFileReference; lastKnownFileType = sourcecode.c.objc; path = FBiOSStudyTests.m; sourceTree = "<group>"; };
		CD74009A1614271E000A43A0 /* Accounts.framework */ = {isa = PBXFileReference; lastKnownFileType = wrapper.framework; name = Accounts.framework; path = System/Library/Frameworks/Accounts.framework; sourceTree = SDKROOT; };
		CD74009C16142729000A43A0 /* AdSupport.framework */ = {isa = PBXFileReference; lastKnownFileType = wrapper.framework; name = AdSupport.framework; path = System/Library/Frameworks/AdSupport.framework; sourceTree = SDKROOT; };
		CD9BCB7E16143BA200B05FFE /* FacebookSDK.framework */ = {isa = PBXFileReference; lastKnownFileType = wrapper.framework; path = FacebookSDK.framework; sourceTree = "<group>"; };
		CD9BCB8716143D1500B05FFE /* FacebookSDKResources.bundle */ = {isa = PBXFileReference; lastKnownFileType = "wrapper.plug-in"; name = FacebookSDKResources.bundle; path = FacebookSDK.framework/Versions/A/Resources/FacebookSDKResources.bundle; sourceTree = "<group>"; };
		CD9BCB8816143D1500B05FFE /* FBUserSettingsViewResources.bundle */ = {isa = PBXFileReference; lastKnownFileType = "wrapper.plug-in"; name = FBUserSettingsViewResources.bundle; path = FacebookSDK.framework/Versions/A/Resources/FBUserSettingsViewResources.bundle; sourceTree = "<group>"; };
		CD9BCB9716144C2900B05FFE /* img.jpg */ = {isa = PBXFileReference; lastKnownFileType = image.jpeg; path = img.jpg; sourceTree = "<group>"; };
/* End PBXFileReference section */

/* Begin PBXFrameworksBuildPhase section */
		CD740050161426E6000A43A0 /* Frameworks */ = {
			isa = PBXFrameworksBuildPhase;
			buildActionMask = 2147483647;
			files = (
				CD74009D16142729000A43A0 /* AdSupport.framework in Frameworks */,
				CD74009B1614271E000A43A0 /* Accounts.framework in Frameworks */,
				CD740058161426E6000A43A0 /* UIKit.framework in Frameworks */,
				CD74005A161426E6000A43A0 /* Foundation.framework in Frameworks */,
				CD74005C161426E6000A43A0 /* CoreGraphics.framework in Frameworks */,
				CD9BCB7F16143BA200B05FFE /* FacebookSDK.framework in Frameworks */,
			);
			runOnlyForDeploymentPostprocessing = 0;
		};
		CD740076161426E7000A43A0 /* Frameworks */ = {
			isa = PBXFrameworksBuildPhase;
			buildActionMask = 2147483647;
			files = (
				CD74007C161426E7000A43A0 /* SenTestingKit.framework in Frameworks */,
				CD74007D161426E7000A43A0 /* UIKit.framework in Frameworks */,
				CD74007E161426E7000A43A0 /* Foundation.framework in Frameworks */,
			);
			runOnlyForDeploymentPostprocessing = 0;
		};
/* End PBXFrameworksBuildPhase section */

/* Begin PBXGroup section */
		CD740048161426E6000A43A0 = {
			isa = PBXGroup;
			children = (
				CD74009C16142729000A43A0 /* AdSupport.framework */,
				CD74009A1614271E000A43A0 /* Accounts.framework */,
				CD74005D161426E6000A43A0 /* FBiOSStudy */,
				CD740081161426E7000A43A0 /* FBiOSStudyTests */,
				CD740056161426E6000A43A0 /* Frameworks */,
				CD740054161426E6000A43A0 /* Products */,
			);
			sourceTree = "<group>";
		};
		CD740054161426E6000A43A0 /* Products */ = {
			isa = PBXGroup;
			children = (
				CD740053161426E6000A43A0 /* FBiOSStudy.app */,
				CD74007A161426E7000A43A0 /* FBiOSStudyTests.octest */,
			);
			name = Products;
			sourceTree = "<group>";
		};
		CD740056161426E6000A43A0 /* Frameworks */ = {
			isa = PBXGroup;
			children = (
				CD9BCB8716143D1500B05FFE /* FacebookSDKResources.bundle */,
				CD9BCB8816143D1500B05FFE /* FBUserSettingsViewResources.bundle */,
				CD9BCB7E16143BA200B05FFE /* FacebookSDK.framework */,
				CD740057161426E6000A43A0 /* UIKit.framework */,
				CD740059161426E6000A43A0 /* Foundation.framework */,
				CD74005B161426E6000A43A0 /* CoreGraphics.framework */,
				CD74007B161426E7000A43A0 /* SenTestingKit.framework */,
			);
			name = Frameworks;
			sourceTree = "<group>";
		};
		CD74005D161426E6000A43A0 /* FBiOSStudy */ = {
			isa = PBXGroup;
			children = (
				CD740066161426E6000A43A0 /* AppDelegate.h */,
				CD740067161426E6000A43A0 /* AppDelegate.m */,
				CD74006F161426E6000A43A0 /* MainStoryboard.storyboard */,
				CD740072161426E6000A43A0 /* ViewController.h */,
				CD740073161426E6000A43A0 /* ViewController.m */,
				CD74005E161426E6000A43A0 /* Supporting Files */,
			);
			path = FBiOSStudy;
			sourceTree = "<group>";
		};
		CD74005E161426E6000A43A0 /* Supporting Files */ = {
			isa = PBXGroup;
			children = (
				CD9BCB9716144C2900B05FFE /* img.jpg */,
				CD74005F161426E6000A43A0 /* FBiOSStudy-Info.plist */,
				CD740060161426E6000A43A0 /* InfoPlist.strings */,
				CD740063161426E6000A43A0 /* main.m */,
				CD740065161426E6000A43A0 /* FBiOSStudy-Prefix.pch */,
				CD740069161426E6000A43A0 /* Default.png */,
				CD74006B161426E6000A43A0 /* Default@2x.png */,
				CD74006D161426E6000A43A0 /* Default-568h@2x.png */,
			);
			name = "Supporting Files";
			sourceTree = "<group>";
		};
		CD740081161426E7000A43A0 /* FBiOSStudyTests */ = {
			isa = PBXGroup;
			children = (
				CD740087161426E7000A43A0 /* FBiOSStudyTests.h */,
				CD740088161426E7000A43A0 /* FBiOSStudyTests.m */,
				CD740082161426E7000A43A0 /* Supporting Files */,
			);
			path = FBiOSStudyTests;
			sourceTree = "<group>";
		};
		CD740082161426E7000A43A0 /* Supporting Files */ = {
			isa = PBXGroup;
			children = (
				CD740083161426E7000A43A0 /* FBiOSStudyTests-Info.plist */,
				CD740084161426E7000A43A0 /* InfoPlist.strings */,
			);
			name = "Supporting Files";
			sourceTree = "<group>";
		};
/* End PBXGroup section */

/* Begin PBXNativeTarget section */
		CD740052161426E6000A43A0 /* FBiOSStudy */ = {
			isa = PBXNativeTarget;
			buildConfigurationList = CD74008C161426E7000A43A0 /* Build configuration list for PBXNativeTarget "FBiOSStudy" */;
			buildPhases = (
				CD74004F161426E6000A43A0 /* Sources */,
				CD740050161426E6000A43A0 /* Frameworks */,
				CD740051161426E6000A43A0 /* Resources */,
			);
			buildRules = (
			);
			dependencies = (
			);
			name = FBiOSStudy;
			productName = FBiOSStudy;
			productReference = CD740053161426E6000A43A0 /* FBiOSStudy.app */;
			productType = "com.apple.product-type.application";
		};
		CD740079161426E7000A43A0 /* FBiOSStudyTests */ = {
			isa = PBXNativeTarget;
			buildConfigurationList = CD74008F161426E7000A43A0 /* Build configuration list for PBXNativeTarget "FBiOSStudyTests" */;
			buildPhases = (
				CD740075161426E7000A43A0 /* Sources */,
				CD740076161426E7000A43A0 /* Frameworks */,
				CD740077161426E7000A43A0 /* Resources */,
				CD740078161426E7000A43A0 /* ShellScript */,
			);
			buildRules = (
			);
			dependencies = (
				CD740080161426E7000A43A0 /* PBXTargetDependency */,
			);
			name = FBiOSStudyTests;
			productName = FBiOSStudyTests;
			productReference = CD74007A161426E7000A43A0 /* FBiOSStudyTests.octest */;
			productType = "com.apple.product-type.bundle";
		};
/* End PBXNativeTarget section */

/* Begin PBXProject section */
		CD74004A161426E6000A43A0 /* Project object */ = {
			isa = PBXProject;
			attributes = {
				LastUpgradeCheck = 0450;
				ORGANIZATIONNAME = "村上 哲太郎";
			};
			buildConfigurationList = CD74004D161426E6000A43A0 /* Build configuration list for PBXProject "FBiOSStudy" */;
			compatibilityVersion = "Xcode 3.2";
			developmentRegion = English;
			hasScannedForEncodings = 0;
			knownRegions = (
				en,
			);
			mainGroup = CD740048161426E6000A43A0;
			productRefGroup = CD740054161426E6000A43A0 /* Products */;
			projectDirPath = "";
			projectRoot = "";
			targets = (
				CD740052161426E6000A43A0 /* FBiOSStudy */,
				CD740079161426E7000A43A0 /* FBiOSStudyTests */,
			);
		};
/* End PBXProject section */

/* Begin PBXResourcesBuildPhase section */
		CD740051161426E6000A43A0 /* Resources */ = {
			isa = PBXResourcesBuildPhase;
			buildActionMask = 2147483647;
			files = (
				CD740062161426E6000A43A0 /* InfoPlist.strings in Resources */,
				CD74006A161426E6000A43A0 /* Default.png in Resources */,
				CD74006C161426E6000A43A0 /* Default@2x.png in Resources */,
				CD74006E161426E6000A43A0 /* Default-568h@2x.png in Resources */,
				CD740071161426E6000A43A0 /* MainStoryboard.storyboard in Resources */,
				CD9BCB8916143D1500B05FFE /* FacebookSDKResources.bundle in Resources */,
				CD9BCB8A16143D1500B05FFE /* FBUserSettingsViewResources.bundle in Resources */,
				CD9BCB9816144C2900B05FFE /* img.jpg in Resources */,
			);
			runOnlyForDeploymentPostprocessing = 0;
		};
		CD740077161426E7000A43A0 /* Resources */ = {
			isa = PBXResourcesBuildPhase;
			buildActionMask = 2147483647;
			files = (
				CD740086161426E7000A43A0 /* InfoPlist.strings in Resources */,
			);
			runOnlyForDeploymentPostprocessing = 0;
		};
/* End PBXResourcesBuildPhase section */

/* Begin PBXShellScriptBuildPhase section */
		CD740078161426E7000A43A0 /* ShellScript */ = {
			isa = PBXShellScriptBuildPhase;
			buildActionMask = 2147483647;
			files = (
			);
			inputPaths = (
			);
			outputPaths = (
			);
			runOnlyForDeploymentPostprocessing = 0;
			shellPath = /bin/sh;
			shellScript = "# Run the unit tests in this test bundle.\n\"${SYSTEM_DEVELOPER_DIR}/Tools/RunUnitTests\"\n";
		};
/* End PBXShellScriptBuildPhase section */

/* Begin PBXSourcesBuildPhase section */
		CD74004F161426E6000A43A0 /* Sources */ = {
			isa = PBXSourcesBuildPhase;
			buildActionMask = 2147483647;
			files = (
				CD740064161426E6000A43A0 /* main.m in Sources */,
				CD740068161426E6000A43A0 /* AppDelegate.m in Sources */,
				CD740074161426E6000A43A0 /* ViewController.m in Sources */,
			);
			runOnlyForDeploymentPostprocessing = 0;
		};
		CD740075161426E7000A43A0 /* Sources */ = {
			isa = PBXSourcesBuildPhase;
			buildActionMask = 2147483647;
			files = (
				CD740089161426E7000A43A0 /* FBiOSStudyTests.m in Sources */,
			);
			runOnlyForDeploymentPostprocessing = 0;
		};
/* End PBXSourcesBuildPhase section */

/* Begin PBXTargetDependency section */
		CD740080161426E7000A43A0 /* PBXTargetDependency */ = {
			isa = PBXTargetDependency;
			target = CD740052161426E6000A43A0 /* FBiOSStudy */;
			targetProxy = CD74007F161426E7000A43A0 /* PBXContainerItemProxy */;
		};
/* End PBXTargetDependency section */

/* Begin PBXVariantGroup section */
		CD740060161426E6000A43A0 /* InfoPlist.strings */ = {
			isa = PBXVariantGroup;
			children = (
				CD740061161426E6000A43A0 /* en */,
			);
			name = InfoPlist.strings;
			sourceTree = "<group>";
		};
		CD74006F161426E6000A43A0 /* MainStoryboard.storyboard */ = {
			isa = PBXVariantGroup;
			children = (
				CD740070161426E6000A43A0 /* en */,
			);
			name = MainStoryboard.storyboard;
			sourceTree = "<group>";
		};
		CD740084161426E7000A43A0 /* InfoPlist.strings */ = {
			isa = PBXVariantGroup;
			children = (
				CD740085161426E7000A43A0 /* en */,
			);
			name = InfoPlist.strings;
			sourceTree = "<group>";
		};
/* End PBXVariantGroup section */

/* Begin XCBuildConfiguration section */
		CD74008A161426E7000A43A0 /* Debug */ = {
			isa = XCBuildConfiguration;
			buildSettings = {
				ALWAYS_SEARCH_USER_PATHS = NO;
				CLANG_CXX_LANGUAGE_STANDARD = "gnu++0x";
				CLANG_CXX_LIBRARY = "libc++";
				CLANG_ENABLE_OBJC_ARC = YES;
				CLANG_WARN_EMPTY_BODY = YES;
				CLANG_WARN__DUPLICATE_METHOD_MATCH = YES;
				"CODE_SIGN_IDENTITY[sdk=iphoneos*]" = "iPhone Developer";
				COPY_PHASE_STRIP = NO;
				GCC_C_LANGUAGE_STANDARD = gnu99;
				GCC_DYNAMIC_NO_PIC = NO;
				GCC_OPTIMIZATION_LEVEL = 0;
				GCC_PREPROCESSOR_DEFINITIONS = (
					"DEBUG=1",
					"$(inherited)",
				);
				GCC_SYMBOLS_PRIVATE_EXTERN = NO;
				GCC_WARN_ABOUT_RETURN_TYPE = YES;
				GCC_WARN_UNINITIALIZED_AUTOS = YES;
				GCC_WARN_UNUSED_VARIABLE = YES;
				IPHONEOS_DEPLOYMENT_TARGET = 6.0;
				SDKROOT = iphoneos;
			};
			name = Debug;
		};
		CD74008B161426E7000A43A0 /* Release */ = {
			isa = XCBuildConfiguration;
			buildSettings = {
				ALWAYS_SEARCH_USER_PATHS = NO;
				CLANG_CXX_LANGUAGE_STANDARD = "gnu++0x";
				CLANG_CXX_LIBRARY = "libc++";
				CLANG_ENABLE_OBJC_ARC = YES;
				CLANG_WARN_EMPTY_BODY = YES;
				CLANG_WARN__DUPLICATE_METHOD_MATCH = YES;
				"CODE_SIGN_IDENTITY[sdk=iphoneos*]" = "iPhone Developer";
				COPY_PHASE_STRIP = YES;
				GCC_C_LANGUAGE_STANDARD = gnu99;
				GCC_WARN_ABOUT_RETURN_TYPE = YES;
				GCC_WARN_UNINITIALIZED_AUTOS = YES;
				GCC_WARN_UNUSED_VARIABLE = YES;
				IPHONEOS_DEPLOYMENT_TARGET = 6.0;
				OTHER_CFLAGS = "-DNS_BLOCK_ASSERTIONS=1";
				SDKROOT = iphoneos;
				VALIDATE_PRODUCT = YES;
			};
			name = Release;
		};
		CD74008D161426E7000A43A0 /* Debug */ = {
			isa = XCBuildConfiguration;
			buildSettings = {
				FRAMEWORK_SEARCH_PATHS = (
					"$(inherited)",
					"\"$(SRCROOT)\"",
				);
				GCC_PRECOMPILE_PREFIX_HEADER = YES;
				GCC_PREFIX_HEADER = "FBiOSStudy/FBiOSStudy-Prefix.pch";
				INFOPLIST_FILE = "FBiOSStudy/FBiOSStudy-Info.plist";
				OTHER_LDFLAGS = "-lsqlite3.0";
				PRODUCT_NAME = "$(TARGET_NAME)";
				WRAPPER_EXTENSION = app;
			};
			name = Debug;
		};
		CD74008E161426E7000A43A0 /* Release */ = {
			isa = XCBuildConfiguration;
			buildSettings = {
				FRAMEWORK_SEARCH_PATHS = (
					"$(inherited)",
					"\"$(SRCROOT)\"",
				);
				GCC_PRECOMPILE_PREFIX_HEADER = YES;
				GCC_PREFIX_HEADER = "FBiOSStudy/FBiOSStudy-Prefix.pch";
				INFOPLIST_FILE = "FBiOSStudy/FBiOSStudy-Info.plist";
				OTHER_LDFLAGS = "-lsqlite3.0";
				PRODUCT_NAME = "$(TARGET_NAME)";
				WRAPPER_EXTENSION = app;
			};
			name = Release;
		};
		CD740090161426E7000A43A0 /* Debug */ = {
			isa = XCBuildConfiguration;
			buildSettings = {
				BUNDLE_LOADER = "$(BUILT_PRODUCTS_DIR)/FBiOSStudy.app/FBiOSStudy";
				FRAMEWORK_SEARCH_PATHS = (
					"\"$(SDKROOT)/Developer/Library/Frameworks\"",
					"\"$(DEVELOPER_LIBRARY_DIR)/Frameworks\"",
				);
				GCC_PRECOMPILE_PREFIX_HEADER = YES;
				GCC_PREFIX_HEADER = "FBiOSStudy/FBiOSStudy-Prefix.pch";
				INFOPLIST_FILE = "FBiOSStudyTests/FBiOSStudyTests-Info.plist";
				PRODUCT_NAME = "$(TARGET_NAME)";
				TEST_HOST = "$(BUNDLE_LOADER)";
				WRAPPER_EXTENSION = octest;
			};
			name = Debug;
		};
		CD740091161426E7000A43A0 /* Release */ = {
			isa = XCBuildConfiguration;
			buildSettings = {
				BUNDLE_LOADER = "$(BUILT_PRODUCTS_DIR)/FBiOSStudy.app/FBiOSStudy";
				FRAMEWORK_SEARCH_PATHS = (
					"\"$(SDKROOT)/Developer/Library/Frameworks\"",
					"\"$(DEVELOPER_LIBRARY_DIR)/Frameworks\"",
				);
				GCC_PRECOMPILE_PREFIX_HEADER = YES;
				GCC_PREFIX_HEADER = "FBiOSStudy/FBiOSStudy-Prefix.pch";
				INFOPLIST_FILE = "FBiOSStudyTests/FBiOSStudyTests-Info.plist";
				PRODUCT_NAME = "$(TARGET_NAME)";
				TEST_HOST = "$(BUNDLE_LOADER)";
				WRAPPER_EXTENSION = octest;
			};
			name = Release;
		};
/* End XCBuildConfiguration section */

/* Begin XCConfigurationList section */
		CD74004D161426E6000A43A0 /* Build configuration list for PBXProject "FBiOSStudy" */ = {
			isa = XCConfigurationList;
			buildConfigurations = (
				CD74008A161426E7000A43A0 /* Debug */,
				CD74008B161426E7000A43A0 /* Release */,
			);
			defaultConfigurationIsVisible = 0;
			defaultConfigurationName = Release;
		};
		CD74008C161426E7000A43A0 /* Build configuration list for PBXNativeTarget "FBiOSStudy" */ = {
			isa = XCConfigurationList;
			buildConfigurations = (
				CD74008D161426E7000A43A0 /* Debug */,
				CD74008E161426E7000A43A0 /* Release */,
			);
			defaultConfigurationIsVisible = 0;
			defaultConfigurationName = Release;
		};
		CD74008F161426E7000A43A0 /* Build configuration list for PBXNativeTarget "FBiOSStudyTests" */ = {
			isa = XCConfigurationList;
			buildConfigurations = (
				CD740090161426E7000A43A0 /* Debug */,
				CD740091161426E7000A43A0 /* Release */,
			);
			defaultConfigurationIsVisible = 0;
			defaultConfigurationName = Release;
		};
/* End XCConfigurationList section */
	};
	rootObject = CD74004A161426E6000A43A0 /* Project object */;
}
